
Microsoft Visual Studio Solution File, Format Version 12.00
# Visual Studio 15
VisualStudioVersion = 15.0.27130.2027
MinimumVisualStudioVersion = 10.0.40219.1
Project("{9A19103F-16F7-4668-BE54-9A1E7A4F7556}") = "AzureFromTheTrenches.Commanding", "Source\AzureFromTheTrenches.Commanding\AzureFromTheTrenches.Commanding.csproj", "{7B348966-B397-4BA6-8D93-AAAF84ECA845}"
EndProject
Project("{2150E333-8FDC-42A3-9474-1A3956D46DE8}") = "Tests", "Tests", "{DDB55A76-331C-41A0-BA9B-60E6A22B4E4F}"
EndProject
Project("{9A19103F-16F7-4668-BE54-9A1E7A4F7556}") = "AzureFromTheTrenches.Commanding.Tests.Unit", "Tests\AzureFromTheTrenches.Commanding.Tests.Unit\AzureFromTheTrenches.Commanding.Tests.Unit.csproj", "{EE587B1C-F737-41DA-9EC5-5E3DBEE26772}"
EndProject
Project("{9A19103F-16F7-4668-BE54-9A1E7A4F7556}") = "AzureFromTheTrenches.Commanding.Http", "Source\AzureFromTheTrenches.Commanding.Http\AzureFromTheTrenches.Commanding.Http.csproj", "{43886BB7-4E36-4772-A64E-E2D29E2E7C52}"
EndProject
Project("{9A19103F-16F7-4668-BE54-9A1E7A4F7556}") = "AzureFromTheTrenches.Commanding.Queue", "Source\AzureFromTheTrenches.Commanding.Queue\AzureFromTheTrenches.Commanding.Queue.csproj", "{ADFB4AA9-D06A-4FCE-9392-DE3D8CA1B60A}"
EndProject
Project("{2150E333-8FDC-42A3-9474-1A3956D46DE8}") = "Samples", "Samples", "{2B385448-F9E4-4014-9FFD-74C40B593B71}"
EndProject
Project("{9A19103F-16F7-4668-BE54-9A1E7A4F7556}") = "InMemoryCommanding", "Samples\InMemoryCommanding\InMemoryCommanding.csproj", "{16A92E80-3D67-4BD4-94D1-65C3CBC2179D}"
EndProject
Project("{2150E333-8FDC-42A3-9474-1A3956D46DE8}") = "HttpCommanding", "HttpCommanding", "{7DE6809C-7B48-400D-B6F9-ECD29A3C053B}"
EndProject
Project("{9A19103F-16F7-4668-BE54-9A1E7A4F7556}") = "HttpCommanding.Web", "Samples\HttpCommanding.Web\HttpCommanding.Web.csproj", "{69A8AFAB-793D-4F84-9C90-4A78BAD009EB}"
EndProject
Project("{9A19103F-16F7-4668-BE54-9A1E7A4F7556}") = "HttpCommanding.Client", "Samples\HttpCommanding.Client\HttpCommanding.Client.csproj", "{56486174-995B-4577-AF85-497E850715AD}"
EndProject
Project("{9A19103F-16F7-4668-BE54-9A1E7A4F7556}") = "HttpCommanding.Model", "Samples\HttpCommanding.Model\HttpCommanding.Model.csproj", "{73E0CF28-7771-40F4-86BB-DB07410B1B3E}"
EndProject
Project("{9A19103F-16F7-4668-BE54-9A1E7A4F7556}") = "AzureStorageQueueCommanding", "Samples\AzureStorageQueueCommanding\AzureStorageQueueCommanding.csproj", "{60BAACEB-D193-4AD7-83DD-ABB835B9C27F}"
EndProject
Project("{2150E333-8FDC-42A3-9474-1A3956D46DE8}") = "Packaging", "Packaging", "{3AD7A2DA-9E32-4CB6-ABE7-8DD1D67CF868}"
	ProjectSection(SolutionItems) = preProject
		package-nuget.ps1 = package-nuget.ps1
	EndProjectSection
EndProject
Project("{9A19103F-16F7-4668-BE54-9A1E7A4F7556}") = "AzureFromTheTrenches.Commanding.AzureStorage", "Source\AzureFromTheTrenches.Commanding.AzureStorage\AzureFromTheTrenches.Commanding.AzureStorage.csproj", "{A1B8DB62-5361-4183-9C83-213ED7291B62}"
EndProject
Project("{2150E333-8FDC-42A3-9474-1A3956D46DE8}") = "Performance", "Performance", "{C4FBA3E4-9D8C-4B0C-BABC-5745017A64EB}"
EndProject
Project("{9A19103F-16F7-4668-BE54-9A1E7A4F7556}") = "AzureFromTheTrenches.Commanding.Tests.Performance.Console", "Tests\AzureFromTheTrenches.Commanding.Tests.Performance.Console\AzureFromTheTrenches.Commanding.Tests.Performance.Console.csproj", "{40F2AF7D-3480-4644-8B3E-AE52FECD6F93}"
EndProject
Project("{9A19103F-16F7-4668-BE54-9A1E7A4F7556}") = "AzureStorageAuditing", "Samples\AzureStorageAuditing\AzureStorageAuditing.csproj", "{1D331B9B-5842-49E3-B66D-DE76D7F05A8E}"
EndProject
Project("{9A19103F-16F7-4668-BE54-9A1E7A4F7556}") = "AzureFromTheTrenches.Commanding.Cache", "Source\AzureFromTheTrenches.Commanding.Cache\AzureFromTheTrenches.Commanding.Cache.csproj", "{1CF85C55-3AAC-4528-BC26-0968F85ADA55}"
EndProject
Project("{9A19103F-16F7-4668-BE54-9A1E7A4F7556}") = "AzureFromTheTrenches.Commanding.Cache.MemoryCache", "Source\AzureFromTheTrenches.Commanding.Cache.MemoryCache\AzureFromTheTrenches.Commanding.Cache.MemoryCache.csproj", "{D9D38DC1-6F36-49EC-8A7F-1E3F65FE1349}"
EndProject
Project("{9A19103F-16F7-4668-BE54-9A1E7A4F7556}") = "AzureFromTheTrenches.Commanding.Cache.Redis", "Source\AzureFromTheTrenches.Commanding.Cache.Redis\AzureFromTheTrenches.Commanding.Cache.Redis.csproj", "{4239534A-BC3C-4389-A686-46133C58F256}"
EndProject
Project("{9A19103F-16F7-4668-BE54-9A1E7A4F7556}") = "AzureFromTheTrenches.Commanding.Cache.Tests.Unit", "Tests\AzureFromTheTrenches.Commanding.Cache.Tests.Unit\AzureFromTheTrenches.Commanding.Cache.Tests.Unit.csproj", "{4EE78EF7-9ABB-44ED-A4B6-B71021AD387B}"
EndProject
Project("{9A19103F-16F7-4668-BE54-9A1E7A4F7556}") = "AzureFromTheTrenches.Commanding.AzureEventHub", "Source\AzureFromTheTrenches.Commanding.AzureEventHub\AzureFromTheTrenches.Commanding.AzureEventHub.csproj", "{D98AEB5F-42C5-4413-BA95-D4677AB7B097}"
EndProject
Project("{9A19103F-16F7-4668-BE54-9A1E7A4F7556}") = "AzureFromTheTrenches.Commanding.AzureEventHub.Tests.Unit", "Tests\AzureFromTheTrenches.Commanding.AzureEventHub.Tests.Unit\AzureFromTheTrenches.Commanding.AzureEventHub.Tests.Unit.csproj", "{DDAA95FB-15A4-469E-B237-B9A66F272A5C}"
EndProject
Project("{9A19103F-16F7-4668-BE54-9A1E7A4F7556}") = "AzureFromTheTrenches.Commanding.Abstractions", "Source\AzureFromTheTrenches.Commanding.Abstractions\AzureFromTheTrenches.Commanding.Abstractions.csproj", "{026CF757-6DB4-4E62-8D31-854807E5923C}"
EndProject
Project("{9A19103F-16F7-4668-BE54-9A1E7A4F7556}") = "AzureEventHubAuditing", "Samples\AzureEventHubAuditing\AzureEventHubAuditing.csproj", "{FA35B9D1-D556-4E2F-8AAA-B5E8F8533A54}"
EndProject
Project("{FAE04EC0-301F-11D3-BF4B-00C04F79EFBC}") = "WindowsFormsCommanding", "Samples\WindowsFormsCommanding\WindowsFormsCommanding.csproj", "{EF6887FA-C013-43F8-A7F6-2A25B222E1FE}"
EndProject
Project("{9A19103F-16F7-4668-BE54-9A1E7A4F7556}") = "AzureFromTheTrenches.Commanding.MicrosoftDependencyInjection", "Source\AzureFromTheTrenches.Commanding.MicrosoftDependencyInjection\AzureFromTheTrenches.Commanding.MicrosoftDependencyInjection.csproj", "{721156CE-A418-4269-97D8-70DC21CA9C08}"
EndProject
Project("{2150E333-8FDC-42A3-9474-1A3956D46DE8}") = "Extensions", "Extensions", "{7D8076F8-81D4-49B7-A296-CED4B9401A61}"
EndProject
Project("{9A19103F-16F7-4668-BE54-9A1E7A4F7556}") = "AzureFromTheTrenches.Commanding.MicrosoftLoggingExtensions", "Source\AzureFromTheTrenches.Commanding.MicrosoftLoggingExtensions\AzureFromTheTrenches.Commanding.MicrosoftLoggingExtensions.csproj", "{AB527008-1F4E-4946-9277-F45CDB23B469}"
EndProject
Project("{9A19103F-16F7-4668-BE54-9A1E7A4F7556}") = "AzureFromTheTrenches.Commanding.Tests.Acceptance", "Tests\AzureFromTheTrenches.Commanding.Tests.Acceptance\AzureFromTheTrenches.Commanding.Tests.Acceptance.csproj", "{036F8CEF-F7C2-4C71-9CAA-CA3EC946C2E7}"
EndProject
Project("{9A19103F-16F7-4668-BE54-9A1E7A4F7556}") = "AzureFromTheTrenches.Commanding.Http.Tests.Unit", "Tests\AzureFromTheTrenches.Commanding.Http.Tests.Unit\AzureFromTheTrenches.Commanding.Http.Tests.Unit.csproj", "{61C6CD91-A828-41BD-A318-10FF24D31C1C}"
EndProject
Project("{9A19103F-16F7-4668-BE54-9A1E7A4F7556}") = "CustomDispatchAndExecuter", "Samples\CustomDispatchAndExecuter\CustomDispatchAndExecuter.csproj", "{7FE7AA26-2E1C-4FB3-9913-1E5D5D40CC4D}"
EndProject
Project("{9A19103F-16F7-4668-BE54-9A1E7A4F7556}") = "AzureFromTheTrenches.Commanding.AzureServiceBus", "Source\AzureFromTheTrenches.Commanding.AzureServiceBus\AzureFromTheTrenches.Commanding.AzureServiceBus.csproj", "{AA712FB3-9387-486B-B3D3-6221CD4D6632}"
EndProject
Project("{9A19103F-16F7-4668-BE54-9A1E7A4F7556}") = "ServiceBusDispatchAndDequeue", "Samples\ServiceBusDispatchAndDequeue\ServiceBusDispatchAndDequeue.csproj", "{6BAC70EA-4BB4-4ABF-8DF8-2B2BC48B1BD9}"
EndProject
Project("{9A19103F-16F7-4668-BE54-9A1E7A4F7556}") = "AspNetCoreConfigurationBasedCommandControllers", "Samples\AspNetCoreConfigurationBasedCommandControllers\AspNetCoreConfigurationBasedCommandControllers.csproj", "{4B112257-7A5E-4794-AA73-2911B013F671}"
EndProject
Project("{9A19103F-16F7-4668-BE54-9A1E7A4F7556}") = "AzureFromTheTrenches.Commanding.AspNetCore", "Source\AzureFromTheTrenches.Commanding.AspNetCore\AzureFromTheTrenches.Commanding.AspNetCore.csproj", "{F39ADC55-8DE2-4CC4-87A7-56A94AC243F2}"
EndProject
Project("{9A19103F-16F7-4668-BE54-9A1E7A4F7556}") = "AzureFromTheTrenches.Commanding.AspNetCore.Swashbuckle", "Source\AzureFromTheTrenches.Commanding.AspNetCore.Swashbuckle\AzureFromTheTrenches.Commanding.AspNetCore.Swashbuckle.csproj", "{EFC15F1D-238A-45DF-B02A-D2DF6554E31B}"
EndProject
Project("{9A19103F-16F7-4668-BE54-9A1E7A4F7556}") = "AzureFromTheTrenches.Commanding.AspNetCore.Tests.Acceptance.Web", "Tests\AzureFromTheTrenches.Commanding.AspNetCore.Tests.Acceptance.Web\AzureFromTheTrenches.Commanding.AspNetCore.Tests.Acceptance.Web.csproj", "{1A1E3503-C1AF-4136-81C2-4A9D2EE8D127}"
EndProject
Project("{9A19103F-16F7-4668-BE54-9A1E7A4F7556}") = "AzureFromTheTrenches.Commanding.AspNetCore.Tests.Acceptance", "Tests\AzureFromTheTrenches.Commanding.AspNetCore.Tests.Acceptance\AzureFromTheTrenches.Commanding.AspNetCore.Tests.Acceptance.csproj", "{FC2BCD4A-996E-422C-8D27-B4BDA00B150D}"
EndProject
Project("{2150E333-8FDC-42A3-9474-1A3956D46DE8}") = "DispatchAndAuditing", "DispatchAndAuditing", "{7C82B6E6-026C-406A-914B-10D12ED80BFC}"
EndProject
Project("{2150E333-8FDC-42A3-9474-1A3956D46DE8}") = "Performance", "Performance", "{6206ED34-1978-4BE2-B088-098916C1AC6D}"
EndProject
Project("{2150E333-8FDC-42A3-9474-1A3956D46DE8}") = "Application", "Application", "{7B9FED91-1FE9-420E-814D-BF61A33D4A01}"
EndProject
Project("{9A19103F-16F7-4668-BE54-9A1E7A4F7556}") = "AzureEventHubDispatch", "Samples\AzureEventHubDispatch\AzureEventHubDispatch.csproj", "{4D90E6DF-0A68-466F-AE61-BCB157BCD569}"
EndProject
Project("{2150E333-8FDC-42A3-9474-1A3956D46DE8}") = "AzureFunctions", "AzureFunctions", "{9F9F7946-749E-485D-87D2-AA45991E5F47}"
EndProject
Project("{2150E333-8FDC-42A3-9474-1A3956D46DE8}") = "AspNetCore", "AspNetCore", "{7B9A667C-702D-4D97-BF11-B35F8A35C658}"
EndProject
Project("{2150E333-8FDC-42A3-9474-1A3956D46DE8}") = "TemplateAndSample", "TemplateAndSample", "{E027B96A-3DC7-464A-B588-FC5E0BB403D0}"
EndProject
Project("{FAE04EC0-301F-11D3-BF4B-00C04F79EFBC}") = "FunctionTemplates", "Source\AzureFunctions\FunctionTemplates\FunctionTemplates.csproj", "{0E441995-3ED8-4217-A93C-B3F57C06EDD4}"
EndProject
Project("{FAE04EC0-301F-11D3-BF4B-00C04F79EFBC}") = "AzureFromTheTrenches.Commanding.AzureFunctions.Compiler", "Source\AzureFunctions\AzureFromTheTrenches.Commanding.AzureFunctions.Compiler\AzureFromTheTrenches.Commanding.AzureFunctions.Compiler.csproj", "{B4F4286A-86E5-4E1C-9339-58753A43DCEE}"
EndProject
Project("{FAE04EC0-301F-11D3-BF4B-00C04F79EFBC}") = "AzureFromTheTrenches.Commanding.AzureFunctions", "Source\AzureFunctions\AzureFromTheTrenches.Commanding.AzureFunctions\AzureFromTheTrenches.Commanding.AzureFunctions.csproj", "{D9ED6EB2-492E-46E9-AE43-3A2E41F4B553}"
EndProject
Project("{9A19103F-16F7-4668-BE54-9A1E7A4F7556}") = "SampleFunctionConfiguration", "Source\AzureFunctions\SampleFunctionConfiguration\SampleFunctionConfiguration.csproj", "{91772D16-6A05-4198-9E8E-8113A3D85C1F}"
EndProject
Global
	GlobalSection(SolutionConfigurationPlatforms) = preSolution
		Debug|Any CPU = Debug|Any CPU
		Release|Any CPU = Release|Any CPU
	EndGlobalSection
	GlobalSection(ProjectConfigurationPlatforms) = postSolution
		{7B348966-B397-4BA6-8D93-AAAF84ECA845}.Debug|Any CPU.ActiveCfg = Debug|Any CPU
		{7B348966-B397-4BA6-8D93-AAAF84ECA845}.Debug|Any CPU.Build.0 = Debug|Any CPU
		{7B348966-B397-4BA6-8D93-AAAF84ECA845}.Release|Any CPU.ActiveCfg = Release|Any CPU
		{7B348966-B397-4BA6-8D93-AAAF84ECA845}.Release|Any CPU.Build.0 = Release|Any CPU
		{EE587B1C-F737-41DA-9EC5-5E3DBEE26772}.Debug|Any CPU.ActiveCfg = Debug|Any CPU
		{EE587B1C-F737-41DA-9EC5-5E3DBEE26772}.Debug|Any CPU.Build.0 = Debug|Any CPU
		{EE587B1C-F737-41DA-9EC5-5E3DBEE26772}.Release|Any CPU.ActiveCfg = Release|Any CPU
		{EE587B1C-F737-41DA-9EC5-5E3DBEE26772}.Release|Any CPU.Build.0 = Release|Any CPU
		{43886BB7-4E36-4772-A64E-E2D29E2E7C52}.Debug|Any CPU.ActiveCfg = Debug|Any CPU
		{43886BB7-4E36-4772-A64E-E2D29E2E7C52}.Debug|Any CPU.Build.0 = Debug|Any CPU
		{43886BB7-4E36-4772-A64E-E2D29E2E7C52}.Release|Any CPU.ActiveCfg = Release|Any CPU
		{43886BB7-4E36-4772-A64E-E2D29E2E7C52}.Release|Any CPU.Build.0 = Release|Any CPU
		{ADFB4AA9-D06A-4FCE-9392-DE3D8CA1B60A}.Debug|Any CPU.ActiveCfg = Debug|Any CPU
		{ADFB4AA9-D06A-4FCE-9392-DE3D8CA1B60A}.Debug|Any CPU.Build.0 = Debug|Any CPU
		{ADFB4AA9-D06A-4FCE-9392-DE3D8CA1B60A}.Release|Any CPU.ActiveCfg = Release|Any CPU
		{ADFB4AA9-D06A-4FCE-9392-DE3D8CA1B60A}.Release|Any CPU.Build.0 = Release|Any CPU
		{16A92E80-3D67-4BD4-94D1-65C3CBC2179D}.Debug|Any CPU.ActiveCfg = Debug|Any CPU
		{16A92E80-3D67-4BD4-94D1-65C3CBC2179D}.Debug|Any CPU.Build.0 = Debug|Any CPU
		{16A92E80-3D67-4BD4-94D1-65C3CBC2179D}.Release|Any CPU.ActiveCfg = Release|Any CPU
		{16A92E80-3D67-4BD4-94D1-65C3CBC2179D}.Release|Any CPU.Build.0 = Release|Any CPU
		{69A8AFAB-793D-4F84-9C90-4A78BAD009EB}.Debug|Any CPU.ActiveCfg = Debug|Any CPU
		{69A8AFAB-793D-4F84-9C90-4A78BAD009EB}.Debug|Any CPU.Build.0 = Debug|Any CPU
		{69A8AFAB-793D-4F84-9C90-4A78BAD009EB}.Release|Any CPU.ActiveCfg = Release|Any CPU
		{69A8AFAB-793D-4F84-9C90-4A78BAD009EB}.Release|Any CPU.Build.0 = Release|Any CPU
		{56486174-995B-4577-AF85-497E850715AD}.Debug|Any CPU.ActiveCfg = Debug|Any CPU
		{56486174-995B-4577-AF85-497E850715AD}.Debug|Any CPU.Build.0 = Debug|Any CPU
		{56486174-995B-4577-AF85-497E850715AD}.Release|Any CPU.ActiveCfg = Release|Any CPU
		{56486174-995B-4577-AF85-497E850715AD}.Release|Any CPU.Build.0 = Release|Any CPU
		{73E0CF28-7771-40F4-86BB-DB07410B1B3E}.Debug|Any CPU.ActiveCfg = Debug|Any CPU
		{73E0CF28-7771-40F4-86BB-DB07410B1B3E}.Debug|Any CPU.Build.0 = Debug|Any CPU
		{73E0CF28-7771-40F4-86BB-DB07410B1B3E}.Release|Any CPU.ActiveCfg = Release|Any CPU
		{73E0CF28-7771-40F4-86BB-DB07410B1B3E}.Release|Any CPU.Build.0 = Release|Any CPU
		{60BAACEB-D193-4AD7-83DD-ABB835B9C27F}.Debug|Any CPU.ActiveCfg = Debug|Any CPU
		{60BAACEB-D193-4AD7-83DD-ABB835B9C27F}.Debug|Any CPU.Build.0 = Debug|Any CPU
		{60BAACEB-D193-4AD7-83DD-ABB835B9C27F}.Release|Any CPU.ActiveCfg = Release|Any CPU
		{60BAACEB-D193-4AD7-83DD-ABB835B9C27F}.Release|Any CPU.Build.0 = Release|Any CPU
		{A1B8DB62-5361-4183-9C83-213ED7291B62}.Debug|Any CPU.ActiveCfg = Debug|Any CPU
		{A1B8DB62-5361-4183-9C83-213ED7291B62}.Debug|Any CPU.Build.0 = Debug|Any CPU
		{A1B8DB62-5361-4183-9C83-213ED7291B62}.Release|Any CPU.ActiveCfg = Release|Any CPU
		{A1B8DB62-5361-4183-9C83-213ED7291B62}.Release|Any CPU.Build.0 = Release|Any CPU
		{40F2AF7D-3480-4644-8B3E-AE52FECD6F93}.Debug|Any CPU.ActiveCfg = Debug|Any CPU
		{40F2AF7D-3480-4644-8B3E-AE52FECD6F93}.Debug|Any CPU.Build.0 = Debug|Any CPU
		{40F2AF7D-3480-4644-8B3E-AE52FECD6F93}.Release|Any CPU.ActiveCfg = Release|Any CPU
		{40F2AF7D-3480-4644-8B3E-AE52FECD6F93}.Release|Any CPU.Build.0 = Release|Any CPU
		{1D331B9B-5842-49E3-B66D-DE76D7F05A8E}.Debug|Any CPU.ActiveCfg = Debug|Any CPU
		{1D331B9B-5842-49E3-B66D-DE76D7F05A8E}.Debug|Any CPU.Build.0 = Debug|Any CPU
		{1D331B9B-5842-49E3-B66D-DE76D7F05A8E}.Release|Any CPU.ActiveCfg = Release|Any CPU
		{1D331B9B-5842-49E3-B66D-DE76D7F05A8E}.Release|Any CPU.Build.0 = Release|Any CPU
		{1CF85C55-3AAC-4528-BC26-0968F85ADA55}.Debug|Any CPU.ActiveCfg = Debug|Any CPU
		{1CF85C55-3AAC-4528-BC26-0968F85ADA55}.Debug|Any CPU.Build.0 = Debug|Any CPU
		{1CF85C55-3AAC-4528-BC26-0968F85ADA55}.Release|Any CPU.ActiveCfg = Release|Any CPU
		{1CF85C55-3AAC-4528-BC26-0968F85ADA55}.Release|Any CPU.Build.0 = Release|Any CPU
		{D9D38DC1-6F36-49EC-8A7F-1E3F65FE1349}.Debug|Any CPU.ActiveCfg = Debug|Any CPU
		{D9D38DC1-6F36-49EC-8A7F-1E3F65FE1349}.Debug|Any CPU.Build.0 = Debug|Any CPU
		{D9D38DC1-6F36-49EC-8A7F-1E3F65FE1349}.Release|Any CPU.ActiveCfg = Release|Any CPU
		{D9D38DC1-6F36-49EC-8A7F-1E3F65FE1349}.Release|Any CPU.Build.0 = Release|Any CPU
		{4239534A-BC3C-4389-A686-46133C58F256}.Debug|Any CPU.ActiveCfg = Debug|Any CPU
		{4239534A-BC3C-4389-A686-46133C58F256}.Debug|Any CPU.Build.0 = Debug|Any CPU
		{4239534A-BC3C-4389-A686-46133C58F256}.Release|Any CPU.ActiveCfg = Release|Any CPU
		{4239534A-BC3C-4389-A686-46133C58F256}.Release|Any CPU.Build.0 = Release|Any CPU
		{4EE78EF7-9ABB-44ED-A4B6-B71021AD387B}.Debug|Any CPU.ActiveCfg = Debug|Any CPU
		{4EE78EF7-9ABB-44ED-A4B6-B71021AD387B}.Debug|Any CPU.Build.0 = Debug|Any CPU
		{4EE78EF7-9ABB-44ED-A4B6-B71021AD387B}.Release|Any CPU.ActiveCfg = Release|Any CPU
		{4EE78EF7-9ABB-44ED-A4B6-B71021AD387B}.Release|Any CPU.Build.0 = Release|Any CPU
		{D98AEB5F-42C5-4413-BA95-D4677AB7B097}.Debug|Any CPU.ActiveCfg = Debug|Any CPU
		{D98AEB5F-42C5-4413-BA95-D4677AB7B097}.Debug|Any CPU.Build.0 = Debug|Any CPU
		{D98AEB5F-42C5-4413-BA95-D4677AB7B097}.Release|Any CPU.ActiveCfg = Release|Any CPU
		{D98AEB5F-42C5-4413-BA95-D4677AB7B097}.Release|Any CPU.Build.0 = Release|Any CPU
		{DDAA95FB-15A4-469E-B237-B9A66F272A5C}.Debug|Any CPU.ActiveCfg = Debug|Any CPU
		{DDAA95FB-15A4-469E-B237-B9A66F272A5C}.Debug|Any CPU.Build.0 = Debug|Any CPU
		{DDAA95FB-15A4-469E-B237-B9A66F272A5C}.Release|Any CPU.ActiveCfg = Release|Any CPU
		{DDAA95FB-15A4-469E-B237-B9A66F272A5C}.Release|Any CPU.Build.0 = Release|Any CPU
		{026CF757-6DB4-4E62-8D31-854807E5923C}.Debug|Any CPU.ActiveCfg = Debug|Any CPU
		{026CF757-6DB4-4E62-8D31-854807E5923C}.Debug|Any CPU.Build.0 = Debug|Any CPU
		{026CF757-6DB4-4E62-8D31-854807E5923C}.Release|Any CPU.ActiveCfg = Release|Any CPU
		{026CF757-6DB4-4E62-8D31-854807E5923C}.Release|Any CPU.Build.0 = Release|Any CPU
		{FA35B9D1-D556-4E2F-8AAA-B5E8F8533A54}.Debug|Any CPU.ActiveCfg = Debug|Any CPU
		{FA35B9D1-D556-4E2F-8AAA-B5E8F8533A54}.Debug|Any CPU.Build.0 = Debug|Any CPU
		{FA35B9D1-D556-4E2F-8AAA-B5E8F8533A54}.Release|Any CPU.ActiveCfg = Release|Any CPU
		{FA35B9D1-D556-4E2F-8AAA-B5E8F8533A54}.Release|Any CPU.Build.0 = Release|Any CPU
		{EF6887FA-C013-43F8-A7F6-2A25B222E1FE}.Debug|Any CPU.ActiveCfg = Debug|Any CPU
		{EF6887FA-C013-43F8-A7F6-2A25B222E1FE}.Debug|Any CPU.Build.0 = Debug|Any CPU
		{EF6887FA-C013-43F8-A7F6-2A25B222E1FE}.Release|Any CPU.ActiveCfg = Release|Any CPU
		{EF6887FA-C013-43F8-A7F6-2A25B222E1FE}.Release|Any CPU.Build.0 = Release|Any CPU
		{721156CE-A418-4269-97D8-70DC21CA9C08}.Debug|Any CPU.ActiveCfg = Debug|Any CPU
		{721156CE-A418-4269-97D8-70DC21CA9C08}.Debug|Any CPU.Build.0 = Debug|Any CPU
		{721156CE-A418-4269-97D8-70DC21CA9C08}.Release|Any CPU.ActiveCfg = Release|Any CPU
		{721156CE-A418-4269-97D8-70DC21CA9C08}.Release|Any CPU.Build.0 = Release|Any CPU
		{AB527008-1F4E-4946-9277-F45CDB23B469}.Debug|Any CPU.ActiveCfg = Debug|Any CPU
		{AB527008-1F4E-4946-9277-F45CDB23B469}.Debug|Any CPU.Build.0 = Debug|Any CPU
		{AB527008-1F4E-4946-9277-F45CDB23B469}.Release|Any CPU.ActiveCfg = Release|Any CPU
		{AB527008-1F4E-4946-9277-F45CDB23B469}.Release|Any CPU.Build.0 = Release|Any CPU
		{036F8CEF-F7C2-4C71-9CAA-CA3EC946C2E7}.Debug|Any CPU.ActiveCfg = Debug|Any CPU
		{036F8CEF-F7C2-4C71-9CAA-CA3EC946C2E7}.Debug|Any CPU.Build.0 = Debug|Any CPU
		{036F8CEF-F7C2-4C71-9CAA-CA3EC946C2E7}.Release|Any CPU.ActiveCfg = Release|Any CPU
		{036F8CEF-F7C2-4C71-9CAA-CA3EC946C2E7}.Release|Any CPU.Build.0 = Release|Any CPU
		{61C6CD91-A828-41BD-A318-10FF24D31C1C}.Debug|Any CPU.ActiveCfg = Debug|Any CPU
		{61C6CD91-A828-41BD-A318-10FF24D31C1C}.Debug|Any CPU.Build.0 = Debug|Any CPU
		{61C6CD91-A828-41BD-A318-10FF24D31C1C}.Release|Any CPU.ActiveCfg = Release|Any CPU
		{61C6CD91-A828-41BD-A318-10FF24D31C1C}.Release|Any CPU.Build.0 = Release|Any CPU
		{7FE7AA26-2E1C-4FB3-9913-1E5D5D40CC4D}.Debug|Any CPU.ActiveCfg = Debug|Any CPU
		{7FE7AA26-2E1C-4FB3-9913-1E5D5D40CC4D}.Debug|Any CPU.Build.0 = Debug|Any CPU
		{7FE7AA26-2E1C-4FB3-9913-1E5D5D40CC4D}.Release|Any CPU.ActiveCfg = Release|Any CPU
		{7FE7AA26-2E1C-4FB3-9913-1E5D5D40CC4D}.Release|Any CPU.Build.0 = Release|Any CPU
		{AA712FB3-9387-486B-B3D3-6221CD4D6632}.Debug|Any CPU.ActiveCfg = Debug|Any CPU
		{AA712FB3-9387-486B-B3D3-6221CD4D6632}.Debug|Any CPU.Build.0 = Debug|Any CPU
		{AA712FB3-9387-486B-B3D3-6221CD4D6632}.Release|Any CPU.ActiveCfg = Release|Any CPU
		{AA712FB3-9387-486B-B3D3-6221CD4D6632}.Release|Any CPU.Build.0 = Release|Any CPU
		{6BAC70EA-4BB4-4ABF-8DF8-2B2BC48B1BD9}.Debug|Any CPU.ActiveCfg = Debug|Any CPU
		{6BAC70EA-4BB4-4ABF-8DF8-2B2BC48B1BD9}.Debug|Any CPU.Build.0 = Debug|Any CPU
		{6BAC70EA-4BB4-4ABF-8DF8-2B2BC48B1BD9}.Release|Any CPU.ActiveCfg = Release|Any CPU
		{6BAC70EA-4BB4-4ABF-8DF8-2B2BC48B1BD9}.Release|Any CPU.Build.0 = Release|Any CPU
		{4B112257-7A5E-4794-AA73-2911B013F671}.Debug|Any CPU.ActiveCfg = Debug|Any CPU
		{4B112257-7A5E-4794-AA73-2911B013F671}.Debug|Any CPU.Build.0 = Debug|Any CPU
		{4B112257-7A5E-4794-AA73-2911B013F671}.Release|Any CPU.ActiveCfg = Release|Any CPU
		{4B112257-7A5E-4794-AA73-2911B013F671}.Release|Any CPU.Build.0 = Release|Any CPU
		{F39ADC55-8DE2-4CC4-87A7-56A94AC243F2}.Debug|Any CPU.ActiveCfg = Debug|Any CPU
		{F39ADC55-8DE2-4CC4-87A7-56A94AC243F2}.Debug|Any CPU.Build.0 = Debug|Any CPU
		{F39ADC55-8DE2-4CC4-87A7-56A94AC243F2}.Release|Any CPU.ActiveCfg = Release|Any CPU
		{F39ADC55-8DE2-4CC4-87A7-56A94AC243F2}.Release|Any CPU.Build.0 = Release|Any CPU
		{EFC15F1D-238A-45DF-B02A-D2DF6554E31B}.Debug|Any CPU.ActiveCfg = Debug|Any CPU
		{EFC15F1D-238A-45DF-B02A-D2DF6554E31B}.Debug|Any CPU.Build.0 = Debug|Any CPU
		{EFC15F1D-238A-45DF-B02A-D2DF6554E31B}.Release|Any CPU.ActiveCfg = Release|Any CPU
		{EFC15F1D-238A-45DF-B02A-D2DF6554E31B}.Release|Any CPU.Build.0 = Release|Any CPU
		{1A1E3503-C1AF-4136-81C2-4A9D2EE8D127}.Debug|Any CPU.ActiveCfg = Debug|Any CPU
		{1A1E3503-C1AF-4136-81C2-4A9D2EE8D127}.Debug|Any CPU.Build.0 = Debug|Any CPU
		{1A1E3503-C1AF-4136-81C2-4A9D2EE8D127}.Release|Any CPU.ActiveCfg = Release|Any CPU
		{1A1E3503-C1AF-4136-81C2-4A9D2EE8D127}.Release|Any CPU.Build.0 = Release|Any CPU
		{FC2BCD4A-996E-422C-8D27-B4BDA00B150D}.Debug|Any CPU.ActiveCfg = Debug|Any CPU
		{FC2BCD4A-996E-422C-8D27-B4BDA00B150D}.Debug|Any CPU.Build.0 = Debug|Any CPU
		{FC2BCD4A-996E-422C-8D27-B4BDA00B150D}.Release|Any CPU.ActiveCfg = Release|Any CPU
		{FC2BCD4A-996E-422C-8D27-B4BDA00B150D}.Release|Any CPU.Build.0 = Release|Any CPU
		{4D90E6DF-0A68-466F-AE61-BCB157BCD569}.Debug|Any CPU.ActiveCfg = Debug|Any CPU
		{4D90E6DF-0A68-466F-AE61-BCB157BCD569}.Debug|Any CPU.Build.0 = Debug|Any CPU
		{4D90E6DF-0A68-466F-AE61-BCB157BCD569}.Release|Any CPU.ActiveCfg = Release|Any CPU
		{4D90E6DF-0A68-466F-AE61-BCB157BCD569}.Release|Any CPU.Build.0 = Release|Any CPU
		{0E441995-3ED8-4217-A93C-B3F57C06EDD4}.Debug|Any CPU.ActiveCfg = Debug|Any CPU
		{0E441995-3ED8-4217-A93C-B3F57C06EDD4}.Debug|Any CPU.Build.0 = Debug|Any CPU
		{0E441995-3ED8-4217-A93C-B3F57C06EDD4}.Release|Any CPU.ActiveCfg = Release|Any CPU
		{0E441995-3ED8-4217-A93C-B3F57C06EDD4}.Release|Any CPU.Build.0 = Release|Any CPU
		{B4F4286A-86E5-4E1C-9339-58753A43DCEE}.Debug|Any CPU.ActiveCfg = Debug|Any CPU
		{B4F4286A-86E5-4E1C-9339-58753A43DCEE}.Debug|Any CPU.Build.0 = Debug|Any CPU
		{B4F4286A-86E5-4E1C-9339-58753A43DCEE}.Release|Any CPU.ActiveCfg = Release|Any CPU
		{B4F4286A-86E5-4E1C-9339-58753A43DCEE}.Release|Any CPU.Build.0 = Release|Any CPU
		{D9ED6EB2-492E-46E9-AE43-3A2E41F4B553}.Debug|Any CPU.ActiveCfg = Debug|Any CPU
		{D9ED6EB2-492E-46E9-AE43-3A2E41F4B553}.Debug|Any CPU.Build.0 = Debug|Any CPU
		{D9ED6EB2-492E-46E9-AE43-3A2E41F4B553}.Release|Any CPU.ActiveCfg = Release|Any CPU
		{D9ED6EB2-492E-46E9-AE43-3A2E41F4B553}.Release|Any CPU.Build.0 = Release|Any CPU
		{91772D16-6A05-4198-9E8E-8113A3D85C1F}.Debug|Any CPU.ActiveCfg = Debug|Any CPU
		{91772D16-6A05-4198-9E8E-8113A3D85C1F}.Debug|Any CPU.Build.0 = Debug|Any CPU
		{91772D16-6A05-4198-9E8E-8113A3D85C1F}.Release|Any CPU.ActiveCfg = Release|Any CPU
		{91772D16-6A05-4198-9E8E-8113A3D85C1F}.Release|Any CPU.Build.0 = Release|Any CPU
	EndGlobalSection
	GlobalSection(SolutionProperties) = preSolution
		HideSolutionNode = FALSE
	EndGlobalSection
	GlobalSection(NestedProjects) = preSolution
		{EE587B1C-F737-41DA-9EC5-5E3DBEE26772} = {DDB55A76-331C-41A0-BA9B-60E6A22B4E4F}
		{43886BB7-4E36-4772-A64E-E2D29E2E7C52} = {7C82B6E6-026C-406A-914B-10D12ED80BFC}
		{ADFB4AA9-D06A-4FCE-9392-DE3D8CA1B60A} = {7C82B6E6-026C-406A-914B-10D12ED80BFC}
		{16A92E80-3D67-4BD4-94D1-65C3CBC2179D} = {2B385448-F9E4-4014-9FFD-74C40B593B71}
		{7DE6809C-7B48-400D-B6F9-ECD29A3C053B} = {2B385448-F9E4-4014-9FFD-74C40B593B71}
		{69A8AFAB-793D-4F84-9C90-4A78BAD009EB} = {7DE6809C-7B48-400D-B6F9-ECD29A3C053B}
		{56486174-995B-4577-AF85-497E850715AD} = {7DE6809C-7B48-400D-B6F9-ECD29A3C053B}
		{73E0CF28-7771-40F4-86BB-DB07410B1B3E} = {7DE6809C-7B48-400D-B6F9-ECD29A3C053B}
		{60BAACEB-D193-4AD7-83DD-ABB835B9C27F} = {2B385448-F9E4-4014-9FFD-74C40B593B71}
		{A1B8DB62-5361-4183-9C83-213ED7291B62} = {7C82B6E6-026C-406A-914B-10D12ED80BFC}
		{40F2AF7D-3480-4644-8B3E-AE52FECD6F93} = {C4FBA3E4-9D8C-4B0C-BABC-5745017A64EB}
		{1D331B9B-5842-49E3-B66D-DE76D7F05A8E} = {2B385448-F9E4-4014-9FFD-74C40B593B71}
		{1CF85C55-3AAC-4528-BC26-0968F85ADA55} = {6206ED34-1978-4BE2-B088-098916C1AC6D}
		{D9D38DC1-6F36-49EC-8A7F-1E3F65FE1349} = {6206ED34-1978-4BE2-B088-098916C1AC6D}
		{4239534A-BC3C-4389-A686-46133C58F256} = {6206ED34-1978-4BE2-B088-098916C1AC6D}
		{4EE78EF7-9ABB-44ED-A4B6-B71021AD387B} = {DDB55A76-331C-41A0-BA9B-60E6A22B4E4F}
		{D98AEB5F-42C5-4413-BA95-D4677AB7B097} = {7C82B6E6-026C-406A-914B-10D12ED80BFC}
		{DDAA95FB-15A4-469E-B237-B9A66F272A5C} = {DDB55A76-331C-41A0-BA9B-60E6A22B4E4F}
		{FA35B9D1-D556-4E2F-8AAA-B5E8F8533A54} = {2B385448-F9E4-4014-9FFD-74C40B593B71}
		{EF6887FA-C013-43F8-A7F6-2A25B222E1FE} = {2B385448-F9E4-4014-9FFD-74C40B593B71}
		{721156CE-A418-4269-97D8-70DC21CA9C08} = {7B9A667C-702D-4D97-BF11-B35F8A35C658}
		{AB527008-1F4E-4946-9277-F45CDB23B469} = {7C82B6E6-026C-406A-914B-10D12ED80BFC}
		{036F8CEF-F7C2-4C71-9CAA-CA3EC946C2E7} = {DDB55A76-331C-41A0-BA9B-60E6A22B4E4F}
		{61C6CD91-A828-41BD-A318-10FF24D31C1C} = {DDB55A76-331C-41A0-BA9B-60E6A22B4E4F}
		{7FE7AA26-2E1C-4FB3-9913-1E5D5D40CC4D} = {2B385448-F9E4-4014-9FFD-74C40B593B71}
		{AA712FB3-9387-486B-B3D3-6221CD4D6632} = {7C82B6E6-026C-406A-914B-10D12ED80BFC}
		{6BAC70EA-4BB4-4ABF-8DF8-2B2BC48B1BD9} = {2B385448-F9E4-4014-9FFD-74C40B593B71}
		{4B112257-7A5E-4794-AA73-2911B013F671} = {2B385448-F9E4-4014-9FFD-74C40B593B71}
		{F39ADC55-8DE2-4CC4-87A7-56A94AC243F2} = {7B9A667C-702D-4D97-BF11-B35F8A35C658}
		{EFC15F1D-238A-45DF-B02A-D2DF6554E31B} = {7B9A667C-702D-4D97-BF11-B35F8A35C658}
		{1A1E3503-C1AF-4136-81C2-4A9D2EE8D127} = {DDB55A76-331C-41A0-BA9B-60E6A22B4E4F}
		{FC2BCD4A-996E-422C-8D27-B4BDA00B150D} = {DDB55A76-331C-41A0-BA9B-60E6A22B4E4F}
		{7C82B6E6-026C-406A-914B-10D12ED80BFC} = {7D8076F8-81D4-49B7-A296-CED4B9401A61}
		{6206ED34-1978-4BE2-B088-098916C1AC6D} = {7D8076F8-81D4-49B7-A296-CED4B9401A61}
		{7B9FED91-1FE9-420E-814D-BF61A33D4A01} = {7D8076F8-81D4-49B7-A296-CED4B9401A61}
		{4D90E6DF-0A68-466F-AE61-BCB157BCD569} = {2B385448-F9E4-4014-9FFD-74C40B593B71}
		{9F9F7946-749E-485D-87D2-AA45991E5F47} = {7B9FED91-1FE9-420E-814D-BF61A33D4A01}
		{7B9A667C-702D-4D97-BF11-B35F8A35C658} = {7B9FED91-1FE9-420E-814D-BF61A33D4A01}
		{E027B96A-3DC7-464A-B588-FC5E0BB403D0} = {9F9F7946-749E-485D-87D2-AA45991E5F47}
		{0E441995-3ED8-4217-A93C-B3F57C06EDD4} = {E027B96A-3DC7-464A-B588-FC5E0BB403D0}
		{B4F4286A-86E5-4E1C-9339-58753A43DCEE} = {9F9F7946-749E-485D-87D2-AA45991E5F47}
		{D9ED6EB2-492E-46E9-AE43-3A2E41F4B553} = {9F9F7946-749E-485D-87D2-AA45991E5F47}
		{91772D16-6A05-4198-9E8E-8113A3D85C1F} = {E027B96A-3DC7-464A-B588-FC5E0BB403D0}
	EndGlobalSection
	GlobalSection(ExtensibilityGlobals) = postSolution
		SolutionGuid = {AFA95DEB-D5BE-4F95-A89A-79CD00DF2247}
	EndGlobalSection
EndGlobal
